
Microsoft Visual Studio Solution File, Format Version 12.00
# Visual Studio 15
VisualStudioVersion = 15.0.27428.2037
MinimumVisualStudioVersion = 10.0.40219.1
Project("{FAE04EC0-301F-11D3-BF4B-00C04F79EFBC}") = "MAG.travel Reporter", "MAG.travel Reporter\MAG.travel Reporter.csproj", "{97F75CC2-0C88-416B-A657-2A5808CE9B06}"
EndProject
Global
	GlobalSection(SolutionConfigurationPlatforms) = preSolution
		Debug|Any CPU = Debug|Any CPU
		Release|Any CPU = Release|Any CPU
	EndGlobalSection
	GlobalSection(ProjectConfigurationPlatforms) = postSolution
		{97F75CC2-0C88-416B-A657-2A5808CE9B06}.Debug|Any CPU.ActiveCfg = Debug|Any CPU
		{97F75CC2-0C88-416B-A657-2A5808CE9B06}.Debug|Any CPU.Build.0 = Debug|Any CPU
		{97F75CC2-0C88-416B-A657-2A5808CE9B06}.Release|Any CPU.ActiveCfg = Release|Any CPU
		{97F75CC2-0C88-416B-A657-2A5808CE9B06}.Release|Any CPU.Build.0 = Release|Any CPU
	EndGlobalSection
	GlobalSection(SolutionProperties) = preSolution
		HideSolutionNode = FALSE
	EndGlobalSection
	GlobalSection(ExtensibilityGlobals) = postSolution
		SolutionGuid = {CDA4B238-4765-4263-8011-7A47318A0E77}
	EndGlobalSection
EndGlobal
